
Microsoft Visual Studio Solution File, Format Version 12.00
# Visual Studio Version 17
VisualStudioVersion = 17.5.33530.505
MinimumVisualStudioVersion = 10.0.40219.1
Project("{FAE04EC0-301F-11D3-BF4B-00C04F79EFBC}") = "HeartHTML", "HeartHTML\HeartHTML.csproj", "{9FA7167C-B85B-4EC5-8EA7-CAEF7E518AB7}"
EndProject
Global
	GlobalSection(SolutionConfigurationPlatforms) = preSolution
		Debug|Any CPU = Debug|Any CPU
		Release|Any CPU = Release|Any CPU
	EndGlobalSection
	GlobalSection(ProjectConfigurationPlatforms) = postSolution
		{9FA7167C-B85B-4EC5-8EA7-CAEF7E518AB7}.Debug|Any CPU.ActiveCfg = Debug|Any CPU
		{9FA7167C-B85B-4EC5-8EA7-CAEF7E518AB7}.Debug|Any CPU.Build.0 = Debug|Any CPU
		{9FA7167C-B85B-4EC5-8EA7-CAEF7E518AB7}.Release|Any CPU.ActiveCfg = Release|Any CPU
		{9FA7167C-B85B-4EC5-8EA7-CAEF7E518AB7}.Release|Any CPU.Build.0 = Release|Any CPU
	EndGlobalSection
	GlobalSection(SolutionProperties) = preSolution
		HideSolutionNode = FALSE
	EndGlobalSection
	GlobalSection(ExtensibilityGlobals) = postSolution
		SolutionGuid = {AE3F4E04-3945-4711-A91F-3E6EC0DDEB27}
	EndGlobalSection
EndGlobal
